
Microsoft Visual Studio Solution File, Format Version 12.00
# Visual Studio 15
VisualStudioVersion = 15.0.28307.779
MinimumVisualStudioVersion = 10.0.40219.1
Project("{9A19103F-16F7-4668-BE54-9A1E7A4F7556}") = "Shop_Phone_WebApi", "Shop_Phone_WebApi\Shop_Phone_WebApi.csproj", "{92E49AB3-6997-453D-9763-A360DE40EFF9}"
EndProject
Project("{9A19103F-16F7-4668-BE54-9A1E7A4F7556}") = "LibraryWorkWithADONET", "..\..\8Homework\Shop_Phone_Web\LibraryWorkWithADONET\LibraryWorkWithADONET.csproj", "{D064823B-5193-4EB2-B2E2-F95031DDDB28}"
EndProject
Global
	GlobalSection(SolutionConfigurationPlatforms) = preSolution
		Debug|Any CPU = Debug|Any CPU
		Release|Any CPU = Release|Any CPU
	EndGlobalSection
	GlobalSection(ProjectConfigurationPlatforms) = postSolution
		{92E49AB3-6997-453D-9763-A360DE40EFF9}.Debug|Any CPU.ActiveCfg = Debug|Any CPU
		{92E49AB3-6997-453D-9763-A360DE40EFF9}.Debug|Any CPU.Build.0 = Debug|Any CPU
		{92E49AB3-6997-453D-9763-A360DE40EFF9}.Release|Any CPU.ActiveCfg = Release|Any CPU
		{92E49AB3-6997-453D-9763-A360DE40EFF9}.Release|Any CPU.Build.0 = Release|Any CPU
		{D064823B-5193-4EB2-B2E2-F95031DDDB28}.Debug|Any CPU.ActiveCfg = Debug|Any CPU
		{D064823B-5193-4EB2-B2E2-F95031DDDB28}.Debug|Any CPU.Build.0 = Debug|Any CPU
		{D064823B-5193-4EB2-B2E2-F95031DDDB28}.Release|Any CPU.ActiveCfg = Release|Any CPU
		{D064823B-5193-4EB2-B2E2-F95031DDDB28}.Release|Any CPU.Build.0 = Release|Any CPU
	EndGlobalSection
	GlobalSection(SolutionProperties) = preSolution
		HideSolutionNode = FALSE
	EndGlobalSection
	GlobalSection(ExtensibilityGlobals) = postSolution
		SolutionGuid = {10EC46E7-F350-41BC-98DD-F8FCEA1D3105}
	EndGlobalSection
EndGlobal
