
Microsoft Visual Studio Solution File, Format Version 12.00
# Visual Studio Version 16
VisualStudioVersion = 16.0.30804.86
MinimumVisualStudioVersion = 10.0.40219.1
Project("{FAE04EC0-301F-11D3-BF4B-00C04F79EFBC}") = "UserRole", "UserRole\UserRole.csproj", "{33E09192-371C-48E9-A7C1-E1A2DEEEA93A}"
EndProject
Global
	GlobalSection(SolutionConfigurationPlatforms) = preSolution
		Debug|Any CPU = Debug|Any CPU
		Release|Any CPU = Release|Any CPU
	EndGlobalSection
	GlobalSection(ProjectConfigurationPlatforms) = postSolution
		{33E09192-371C-48E9-A7C1-E1A2DEEEA93A}.Debug|Any CPU.ActiveCfg = Debug|Any CPU
		{33E09192-371C-48E9-A7C1-E1A2DEEEA93A}.Debug|Any CPU.Build.0 = Debug|Any CPU
		{33E09192-371C-48E9-A7C1-E1A2DEEEA93A}.Release|Any CPU.ActiveCfg = Release|Any CPU
		{33E09192-371C-48E9-A7C1-E1A2DEEEA93A}.Release|Any CPU.Build.0 = Release|Any CPU
	EndGlobalSection
	GlobalSection(SolutionProperties) = preSolution
		HideSolutionNode = FALSE
	EndGlobalSection
	GlobalSection(ExtensibilityGlobals) = postSolution
		SolutionGuid = {E930FF4C-D006-42B0-AF69-0C07A2CC9619}
	EndGlobalSection
EndGlobal
