
Microsoft Visual Studio Solution File, Format Version 12.00
# Visual Studio 15
VisualStudioVersion = 15.0.28307.779
MinimumVisualStudioVersion = 10.0.40219.1
Project("{FAE04EC0-301F-11D3-BF4B-00C04F79EFBC}") = "Delegates", "Delegates\Delegates.csproj", "{2224AADD-6B06-4629-8861-D47091B6836A}"
EndProject
Global
	GlobalSection(SolutionConfigurationPlatforms) = preSolution
		Debug|Any CPU = Debug|Any CPU
		Release|Any CPU = Release|Any CPU
	EndGlobalSection
	GlobalSection(ProjectConfigurationPlatforms) = postSolution
		{2224AADD-6B06-4629-8861-D47091B6836A}.Debug|Any CPU.ActiveCfg = Debug|Any CPU
		{2224AADD-6B06-4629-8861-D47091B6836A}.Debug|Any CPU.Build.0 = Debug|Any CPU
		{2224AADD-6B06-4629-8861-D47091B6836A}.Release|Any CPU.ActiveCfg = Release|Any CPU
		{2224AADD-6B06-4629-8861-D47091B6836A}.Release|Any CPU.Build.0 = Release|Any CPU
	EndGlobalSection
	GlobalSection(SolutionProperties) = preSolution
		HideSolutionNode = FALSE
	EndGlobalSection
	GlobalSection(ExtensibilityGlobals) = postSolution
		SolutionGuid = {84D36106-FEB1-4987-8BB3-5499E4786559}
	EndGlobalSection
EndGlobal
