
Microsoft Visual Studio Solution File, Format Version 12.00
# Visual Studio 15
VisualStudioVersion = 15.0.28307.779
MinimumVisualStudioVersion = 10.0.40219.1
Project("{FAE04EC0-301F-11D3-BF4B-00C04F79EFBC}") = "Mystruct", "Mystruct\Mystruct.csproj", "{1AF3C907-7966-49C2-975D-A6DED07F0A2B}"
EndProject
Global
	GlobalSection(SolutionConfigurationPlatforms) = preSolution
		Debug|Any CPU = Debug|Any CPU
		Release|Any CPU = Release|Any CPU
	EndGlobalSection
	GlobalSection(ProjectConfigurationPlatforms) = postSolution
		{1AF3C907-7966-49C2-975D-A6DED07F0A2B}.Debug|Any CPU.ActiveCfg = Debug|Any CPU
		{1AF3C907-7966-49C2-975D-A6DED07F0A2B}.Debug|Any CPU.Build.0 = Debug|Any CPU
		{1AF3C907-7966-49C2-975D-A6DED07F0A2B}.Release|Any CPU.ActiveCfg = Release|Any CPU
		{1AF3C907-7966-49C2-975D-A6DED07F0A2B}.Release|Any CPU.Build.0 = Release|Any CPU
	EndGlobalSection
	GlobalSection(SolutionProperties) = preSolution
		HideSolutionNode = FALSE
	EndGlobalSection
	GlobalSection(ExtensibilityGlobals) = postSolution
		SolutionGuid = {985A96A4-45EA-4220-86A6-C2609E4EE1EF}
	EndGlobalSection
EndGlobal
